
Microsoft Visual Studio Solution File, Format Version 12.00
# Visual Studio 15
VisualStudioVersion = 15.0.28307.757
MinimumVisualStudioVersion = 10.0.40219.1
Project("{9A19103F-16F7-4668-BE54-9A1E7A4F7556}") = "dxSampleDataGridAndReport", "dxSampleDataGridAndReport.csproj", "{66F58E19-6DEA-4498-8E5C-612DD6EA858A}"
EndProject
Global
	GlobalSection(SolutionConfigurationPlatforms) = preSolution
		Debug|Any CPU = Debug|Any CPU
		Release|Any CPU = Release|Any CPU
	EndGlobalSection
	GlobalSection(ProjectConfigurationPlatforms) = postSolution
		{66F58E19-6DEA-4498-8E5C-612DD6EA858A}.Debug|Any CPU.ActiveCfg = Debug|Any CPU
		{66F58E19-6DEA-4498-8E5C-612DD6EA858A}.Debug|Any CPU.Build.0 = Debug|Any CPU
		{66F58E19-6DEA-4498-8E5C-612DD6EA858A}.Release|Any CPU.ActiveCfg = Release|Any CPU
		{66F58E19-6DEA-4498-8E5C-612DD6EA858A}.Release|Any CPU.Build.0 = Release|Any CPU
		EndGlobalSection
	GlobalSection(SolutionProperties) = preSolution
		HideSolutionNode = FALSE
	EndGlobalSection
	GlobalSection(ExtensibilityGlobals) = postSolution
		SolutionGuid = {C45BAC96-9523-4EB6-B9A6-E4361E21B092}
	EndGlobalSection
EndGlobal
